// !$*UTF8*$!
{
	archiveVersion = 1;
	classes = {
	};
	objectVersion = 46;
	objects = {

/* Begin PBXBuildFile section */
		1D518F541CBFB32C008B4450 /* AppDelegate.swift in Sources */ = {isa = PBXBuildFile; fileRef = 1D518F531CBFB32C008B4450 /* AppDelegate.swift */; };
		1D518F561CBFB32C008B4450 /* ViewController.swift in Sources */ = {isa = PBXBuildFile; fileRef = 1D518F551CBFB32C008B4450 /* ViewController.swift */; };
		1D518F591CBFB32C008B4450 /* Main.storyboard in Resources */ = {isa = PBXBuildFile; fileRef = 1D518F571CBFB32C008B4450 /* Main.storyboard */; };
		1D518F5B1CBFB32C008B4450 /* Assets.xcassets in Resources */ = {isa = PBXBuildFile; fileRef = 1D518F5A1CBFB32C008B4450 /* Assets.xcassets */; };
		1D518F5E1CBFB32C008B4450 /* LaunchScreen.storyboard in Resources */ = {isa = PBXBuildFile; fileRef = 1D518F5C1CBFB32C008B4450 /* LaunchScreen.storyboard */; };
/* End PBXBuildFile section */

/* Begin PBXFileReference section */
		1D518F501CBFB32C008B4450 /* TableDemo.app */ = {isa = PBXFileReference; explicitFileType = wrapper.application; includeInIndex = 0; path = TableDemo.app; sourceTree = BUILT_PRODUCTS_DIR; };
		1D518F531CBFB32C008B4450 /* AppDelegate.swift */ = {isa = PBXFileReference; lastKnownFileType = sourcecode.swift; path = AppDelegate.swift; sourceTree = "<group>"; };
		1D518F551CBFB32C008B4450 /* ViewController.swift */ = {isa = PBXFileReference; lastKnownFileType = sourcecode.swift; path = ViewController.swift; sourceTree = "<group>"; };
		1D518F581CBFB32C008B4450 /* Base */ = {isa = PBXFileReference; lastKnownFileType = file.storyboard; name = Base; path = Base.lproj/Main.storyboard; sourceTree = "<group>"; };
		1D518F5A1CBFB32C008B4450 /* Assets.xcassets */ = {isa = PBXFileReference; lastKnownFileType = folder.assetcatalog; path = Assets.xcassets; sourceTree = "<group>"; };
		1D518F5D1CBFB32C008B4450 /* Base */ = {isa = PBXFileReference; lastKnownFileType = file.storyboard; name = Base; path = Base.lproj/LaunchScreen.storyboard; sourceTree = "<group>"; };
		1D518F5F1CBFB32C008B4450 /* Info.plist */ = {isa = PBXFileReference; lastKnownFileType = text.plist.xml; path = Info.plist; sourceTree = "<group>"; };
/* End PBXFileReference section */

/* Begin PBXFrameworksBuildPhase section */
		1D518F4D1CBFB32C008B4450 /* Frameworks */ = {
			isa = PBXFrameworksBuildPhase;
			buildActionMask = 2147483647;
			files = (
			);
			runOnlyForDeploymentPostprocessing = 0;
		};
/* End PBXFrameworksBuildPhase section */

/* Begin PBXGroup section */
		1D518F471CBFB32C008B4450 = {
			isa = PBXGroup;
			children = (
				1D518F521CBFB32C008B4450 /* TableDemo */,
				1D518F511CBFB32C008B4450 /* Products */,
			);
			sourceTree = "<group>";
		};
		1D518F511CBFB32C008B4450 /* Products */ = {
			isa = PBXGroup;
			children = (
				1D518F501CBFB32C008B4450 /* TableDemo.app */,
			);
			name = Products;
			sourceTree = "<group>";
		};
		1D518F521CBFB32C008B4450 /* TableDemo */ = {
			isa = PBXGroup;
			children = (
				1D518F531CBFB32C008B4450 /* AppDelegate.swift */,
				1D518F551CBFB32C008B4450 /* ViewController.swift */,
				1D518F571CBFB32C008B4450 /* Main.storyboard */,
				1D518F5A1CBFB32C008B4450 /* Assets.xcassets */,
				1D518F5C1CBFB32C008B4450 /* LaunchScreen.storyboard */,
				1D518F5F1CBFB32C008B4450 /* Info.plist */,
			);
			path = TableDemo;
			sourceTree = "<group>";
		};
/* End PBXGroup section */

/* Begin PBXNativeTarget section */
		1D518F4F1CBFB32C008B4450 /* TableDemo */ = {
			isa = PBXNativeTarget;
			buildConfigurationList = 1D518F621CBFB32C008B4450 /* Build configuration list for PBXNativeTarget "TableDemo" */;
			buildPhases = (
				1D518F4C1CBFB32C008B4450 /* Sources */,
				1D518F4D1CBFB32C008B4450 /* Frameworks */,
				1D518F4E1CBFB32C008B4450 /* Resources */,
			);
			buildRules = (
			);
			dependencies = (
			);
			name = TableDemo;
			productName = TableDemo;
			productReference = 1D518F501CBFB32C008B4450 /* TableDemo.app */;
			productType = "com.apple.product-type.application";
		};
/* End PBXNativeTarget section */

/* Begin PBXProject section */
		1D518F481CBFB32C008B4450 /* Project object */ = {
			isa = PBXProject;
			attributes = {
				LastSwiftUpdateCheck = 0730;
				LastUpgradeCheck = 0730;
				ORGANIZATIONNAME = "Hung-Ching Hsiao";
				TargetAttributes = {
					1D518F4F1CBFB32C008B4450 = {
						CreatedOnToolsVersion = 7.3;
						DevelopmentTeam = C6NU5PPLQC;
					};
				};
			};
			buildConfigurationList = 1D518F4B1CBFB32C008B4450 /* Build configuration list for PBXProject "TableDemo" */;
			compatibilityVersion = "Xcode 3.2";
			developmentRegion = English;
			hasScannedForEncodings = 0;
			knownRegions = (
				en,
				Base,
			);
			mainGroup = 1D518F471CBFB32C008B4450;
			productRefGroup = 1D518F511CBFB32C008B4450 /* Products */;
			projectDirPath = "";
			projectRoot = "";
			targets = (
				1D518F4F1CBFB32C008B4450 /* TableDemo */,
			);
		};
/* End PBXProject section */

/* Begin PBXResourcesBuildPhase section */
		1D518F4E1CBFB32C008B4450 /* Resources */ = {
			isa = PBXResourcesBuildPhase;
			buildActionMask = 2147483647;
			files = (
				1D518F5E1CBFB32C008B4450 /* LaunchScreen.storyboard in Resources */,
				1D518F5B1CBFB32C008B4450 /* Assets.xcassets in Resources */,
				1D518F591CBFB32C008B4450 /* Main.storyboard in Resources */,
			);
			runOnlyForDeploymentPostprocessing = 0;
		};
/* End PBXResourcesBuildPhase section */

/* Begin PBXSourcesBuildPhase section */
		1D518F4C1CBFB32C008B4450 /* Sources */ = {
			isa = PBXSourcesBuildPhase;
			buildActionMask = 2147483647;
			files = (
				1D518F561CBFB32C008B4450 /* ViewController.swift in Sources */,
				1D518F541CBFB32C008B4450 /* AppDelegate.swift in Sources */,
			);
			runOnlyForDeploymentPostprocessing = 0;
		};
/* End PBXSourcesBuildPhase section */

/* Begin PBXVariantGroup section */
		1D518F571CBFB32C008B4450 /* Main.storyboard */ = {
			isa = PBXVariantGroup;
			children = (
				1D518F581CBFB32C008B4450 /* Base */,
			);
			name = Main.storyboard;
			sourceTree = "<group>";
		};
		1D518F5C1CBFB32C008B4450 /* LaunchScreen.storyboard */ = {
			isa = PBXVariantGroup;
			children = (
				1D518F5D1CBFB32C008B4450 /* Base */,
			);
			name = LaunchScreen.storyboard;
			sourceTree = "<group>";
		};
/* End PBXVariantGroup section */

/* Begin XCBuildConfiguration section */
		1D518F601CBFB32C008B4450 /* Debug */ = {
			isa = XCBuildConfiguration;
			buildSettings = {
				ALWAYS_SEARCH_USER_PATHS = NO;
				CLANG_ANALYZER_NONNULL = YES;
				CLANG_CXX_LANGUAGE_STANDARD = "gnu++0x";
				CLANG_CXX_LIBRARY = "libc++";
				CLANG_ENABLE_MODULES = YES;
				CLANG_ENABLE_OBJC_ARC = YES;
				CLANG_WARN_BOOL_CONVERSION = YES;
				CLANG_WARN_CONSTANT_CONVERSION = YES;
				CLANG_WARN_DIRECT_OBJC_ISA_USAGE = YES_ERROR;
				CLANG_WARN_EMPTY_BODY = YES;
				CLANG_WARN_ENUM_CONVERSION = YES;
				CLANG_WARN_INT_CONVERSION = YES;
				CLANG_WARN_OBJC_ROOT_CLASS = YES_ERROR;
				CLANG_WARN_UNREACHABLE_CODE = YES;
				CLANG_WARN__DUPLICATE_METHOD_MATCH = YES;
				"CODE_SIGN_IDENTITY[sdk=iphoneos*]" = "iPhone Developer";
				COPY_PHASE_STRIP = NO;
				DEBUG_INFORMATION_FORMAT = dwarf;
				ENABLE_STRICT_OBJC_MSGSEND = YES;
				ENABLE_TESTABILITY = YES;
				GCC_C_LANGUAGE_STANDARD = gnu99;
				GCC_DYNAMIC_NO_PIC = NO;
				GCC_NO_COMMON_BLOCKS = YES;
				GCC_OPTIMIZATION_LEVEL = 0;
				GCC_PREPROCESSOR_DEFINITIONS = (
					"DEBUG=1",
					"$(inherited)",
				);
				GCC_WARN_64_TO_32_BIT_CONVERSION = YES;
				GCC_WARN_ABOUT_RETURN_TYPE = YES_ERROR;
				GCC_WARN_UNDECLARED_SELECTOR = YES;
				GCC_WARN_UNINITIALIZED_AUTOS = YES_AGGRESSIVE;
				GCC_WARN_UNUSED_FUNCTION = YES;
				GCC_WARN_UNUSED_VARIABLE = YES;
				IPHONEOS_DEPLOYMENT_TARGET = 9.3;
				MTL_ENABLE_DEBUG_INFO = YES;
				ONLY_ACTIVE_ARCH = YES;
				SDKROOT = iphoneos;
				SWIFT_OPTIMIZATION_LEVEL = "-Onone";
			};
			name = Debug;
		};
		1D518F611CBFB32C008B4450 /* Release */ = {
			isa = XCBuildConfiguration;
			buildSettings = {
				ALWAYS_SEARCH_USER_PATHS = NO;
				CLANG_ANALYZER_NONNULL = YES;
				CLANG_CXX_LANGUAGE_STANDARD = "gnu++0x";
				CLANG_CXX_LIBRARY = "libc++";
				CLANG_ENABLE_MODULES = YES;
				CLANG_ENABLE_OBJC_ARC = YES;
				CLANG_WARN_BOOL_CONVERSION = YES;
				CLANG_WARN_CONSTANT_CONVERSION = YES;
				CLANG_WARN_DIRECT_OBJC_ISA_USAGE = YES_ERROR;
				CLANG_WARN_EMPTY_BODY = YES;
				CLANG_WARN_ENUM_CONVERSION = YES;
				CLANG_WARN_INT_CONVERSION = YES;
				CLANG_WARN_OBJC_ROOT_CLASS = YES_ERROR;
				CLANG_WARN_UNREACHABLE_CODE = YES;
				CLANG_WARN__DUPLICATE_METHOD_MATCH = YES;
				"CODE_SIGN_IDENTITY[sdk=iphoneos*]" = "iPhone Developer";
				COPY_PHASE_STRIP = NO;
				DEBUG_INFORMATION_FORMAT = "dwarf-with-dsym";
				ENABLE_NS_ASSERTIONS = NO;
				ENABLE_STRICT_OBJC_MSGSEND = YES;
				GCC_C_LANGUAGE_STANDARD = gnu99;
				GCC_NO_COMMON_BLOCKS = YES;
				GCC_WARN_64_TO_32_BIT_CONVERSION = YES;
				GCC_WARN_ABOUT_RETURN_TYPE = YES_ERROR;
				GCC_WARN_UNDECLARED_SELECTOR = YES;
				GCC_WARN_UNINITIALIZED_AUTOS = YES_AGGRESSIVE;
				GCC_WARN_UNUSED_FUNCTION = YES;
				GCC_WARN_UNUSED_VARIABLE = YES;
				IPHONEOS_DEPLOYMENT_TARGET = 9.3;
				MTL_ENABLE_DEBUG_INFO = NO;
				SDKROOT = iphoneos;
				VALIDATE_PRODUCT = YES;
			};
			name = Release;
		};
		1D518F631CBFB32C008B4450 /* Debug */ = {
			isa = XCBuildConfiguration;
			buildSettings = {
				ASSETCATALOG_COMPILER_APPICON_NAME = AppIcon;
				INFOPLIST_FILE = TableDemo/Info.plist;
				LD_RUNPATH_SEARCH_PATHS = "$(inherited) @executable_path/Frameworks";
				PRODUCT_BUNDLE_IDENTIFIER = com.David.TangPoems.TableDemo;
				PRODUCT_NAME = "$(TARGET_NAME)";
			};
			name = Debug;
		};
		1D518F641CBFB32C008B4450 /* Release */ = {
			isa = XCBuildConfiguration;
			buildSettings = {
				ASSETCATALOG_COMPILER_APPICON_NAME = AppIcon;
				INFOPLIST_FILE = TableDemo/Info.plist;
				LD_RUNPATH_SEARCH_PATHS = "$(inherited) @executable_path/Frameworks";
				PRODUCT_BUNDLE_IDENTIFIER = com.David.TangPoems.TableDemo;
				PRODUCT_NAME = "$(TARGET_NAME)";
			};
			name = Release;
		};
/* End XCBuildConfiguration section */

/* Begin XCConfigurationList section */
		1D518F4B1CBFB32C008B4450 /* Build configuration list for PBXProject "TableDemo" */ = {
			isa = XCConfigurationList;
			buildConfigurations = (
				1D518F601CBFB32C008B4450 /* Debug */,
				1D518F611CBFB32C008B4450 /* Release */,
			);
			defaultConfigurationIsVisible = 0;
			defaultConfigurationName = Release;
		};
		1D518F621CBFB32C008B4450 /* Build configuration list for PBXNativeTarget "TableDemo" */ = {
			isa = XCConfigurationList;
			buildConfigurations = (
				1D518F631CBFB32C008B4450 /* Debug */,
				1D518F641CBFB32C008B4450 /* Release */,
			);
			defaultConfigurationIsVisible = 0;
		};
/* End XCConfigurationList section */
	};
	rootObject = 1D518F481CBFB32C008B4450 /* Project object */;
}
